// !$*UTF8*$!
{
	archiveVersion = 1;
	classes = {
	};
	objectVersion = 56;
	objects = {

/* Begin PBXBuildFile section */
		A6FCC0D729A4CB2100388C90 /* InCallStatusBar.docc in Sources */ = {isa = PBXBuildFile; fileRef = A6FCC0D629A4CB2100388C90 /* InCallStatusBar.docc */; };
		A6FCC0DD29A4CB2100388C90 /* InCallStatusBar.framework in Frameworks */ = {isa = PBXBuildFile; fileRef = A6FCC0D229A4CB2100388C90 /* InCallStatusBar.framework */; };
		A6FCC0E229A4CB2100388C90 /* InCallStatusBarTests.swift in Sources */ = {isa = PBXBuildFile; fileRef = A6FCC0E129A4CB2100388C90 /* InCallStatusBarTests.swift */; };
		A6FCC0E329A4CB2100388C90 /* InCallStatusBar.h in Headers */ = {isa = PBXBuildFile; fileRef = A6FCC0D529A4CB2100388C90 /* InCallStatusBar.h */; settings = {ATTRIBUTES = (Public, ); }; };
/* End PBXBuildFile section */

/* Begin PBXContainerItemProxy section */
		A6FCC0DE29A4CB2100388C90 /* PBXContainerItemProxy */ = {
			isa = PBXContainerItemProxy;
			containerPortal = A6FCC0C929A4CB2100388C90 /* Project object */;
			proxyType = 1;
			remoteGlobalIDString = A6FCC0D129A4CB2100388C90;
			remoteInfo = InCallStatusBar;
		};
/* End PBXContainerItemProxy section */

/* Begin PBXFileReference section */
		A6FCC0D229A4CB2100388C90 /* InCallStatusBar.framework */ = {isa = PBXFileReference; explicitFileType = wrapper.framework; includeInIndex = 0; path = InCallStatusBar.framework; sourceTree = BUILT_PRODUCTS_DIR; };
		A6FCC0D529A4CB2100388C90 /* InCallStatusBar.h */ = {isa = PBXFileReference; lastKnownFileType = sourcecode.c.h; path = InCallStatusBar.h; sourceTree = "<group>"; };
		A6FCC0D629A4CB2100388C90 /* InCallStatusBar.docc */ = {isa = PBXFileReference; lastKnownFileType = folder.documentationcatalog; path = InCallStatusBar.docc; sourceTree = "<group>"; };
		A6FCC0DC29A4CB2100388C90 /* InCallStatusBarTests.xctest */ = {isa = PBXFileReference; explicitFileType = wrapper.cfbundle; includeInIndex = 0; path = InCallStatusBarTests.xctest; sourceTree = BUILT_PRODUCTS_DIR; };
		A6FCC0E129A4CB2100388C90 /* InCallStatusBarTests.swift */ = {isa = PBXFileReference; lastKnownFileType = sourcecode.swift; path = InCallStatusBarTests.swift; sourceTree = "<group>"; };
/* End PBXFileReference section */

/* Begin PBXFrameworksBuildPhase section */
		A6FCC0CF29A4CB2100388C90 /* Frameworks */ = {
			isa = PBXFrameworksBuildPhase;
			buildActionMask = 2147483647;
			files = (
			);
			runOnlyForDeploymentPostprocessing = 0;
		};
		A6FCC0D929A4CB2100388C90 /* Frameworks */ = {
			isa = PBXFrameworksBuildPhase;
			buildActionMask = 2147483647;
			files = (
				A6FCC0DD29A4CB2100388C90 /* InCallStatusBar.framework in Frameworks */,
			);
			runOnlyForDeploymentPostprocessing = 0;
		};
/* End PBXFrameworksBuildPhase section */

/* Begin PBXGroup section */
		A6FCC0C829A4CB2100388C90 = {
			isa = PBXGroup;
			children = (
				A6FCC0D429A4CB2100388C90 /* InCallStatusBar */,
				A6FCC0E029A4CB2100388C90 /* InCallStatusBarTests */,
				A6FCC0D329A4CB2100388C90 /* Products */,
			);
			sourceTree = "<group>";
		};
		A6FCC0D329A4CB2100388C90 /* Products */ = {
			isa = PBXGroup;
			children = (
				A6FCC0D229A4CB2100388C90 /* InCallStatusBar.framework */,
				A6FCC0DC29A4CB2100388C90 /* InCallStatusBarTests.xctest */,
			);
			name = Products;
			sourceTree = "<group>";
		};
		A6FCC0D429A4CB2100388C90 /* InCallStatusBar */ = {
			isa = PBXGroup;
			children = (
				A6FCC0D529A4CB2100388C90 /* InCallStatusBar.h */,
				A6FCC0D629A4CB2100388C90 /* InCallStatusBar.docc */,
			);
			path = InCallStatusBar;
			sourceTree = "<group>";
		};
		A6FCC0E029A4CB2100388C90 /* InCallStatusBarTests */ = {
			isa = PBXGroup;
			children = (
				A6FCC0E129A4CB2100388C90 /* InCallStatusBarTests.swift */,
			);
			path = InCallStatusBarTests;
			sourceTree = "<group>";
		};
/* End PBXGroup section */

/* Begin PBXHeadersBuildPhase section */
		A6FCC0CD29A4CB2100388C90 /* Headers */ = {
			isa = PBXHeadersBuildPhase;
			buildActionMask = 2147483647;
			files = (
				A6FCC0E329A4CB2100388C90 /* InCallStatusBar.h in Headers */,
			);
			runOnlyForDeploymentPostprocessing = 0;
		};
/* End PBXHeadersBuildPhase section */

/* Begin PBXNativeTarget section */
		A6FCC0D129A4CB2100388C90 /* InCallStatusBar */ = {
			isa = PBXNativeTarget;
			buildConfigurationList = A6FCC0E629A4CB2100388C90 /* Build configuration list for PBXNativeTarget "InCallStatusBar" */;
			buildPhases = (
				A6FCC0CD29A4CB2100388C90 /* Headers */,
				A6FCC0CE29A4CB2100388C90 /* Sources */,
				A6FCC0CF29A4CB2100388C90 /* Frameworks */,
				A6FCC0D029A4CB2100388C90 /* Resources */,
			);
			buildRules = (
			);
			dependencies = (
			);
			name = InCallStatusBar;
			productName = InCallStatusBar;
			productReference = A6FCC0D229A4CB2100388C90 /* InCallStatusBar.framework */;
			productType = "com.apple.product-type.framework";
		};
		A6FCC0DB29A4CB2100388C90 /* InCallStatusBarTests */ = {
			isa = PBXNativeTarget;
			buildConfigurationList = A6FCC0E929A4CB2100388C90 /* Build configuration list for PBXNativeTarget "InCallStatusBarTests" */;
			buildPhases = (
				A6FCC0D829A4CB2100388C90 /* Sources */,
				A6FCC0D929A4CB2100388C90 /* Frameworks */,
				A6FCC0DA29A4CB2100388C90 /* Resources */,
			);
			buildRules = (
			);
			dependencies = (
				A6FCC0DF29A4CB2100388C90 /* PBXTargetDependency */,
			);
			name = InCallStatusBarTests;
			productName = InCallStatusBarTests;
			productReference = A6FCC0DC29A4CB2100388C90 /* InCallStatusBarTests.xctest */;
			productType = "com.apple.product-type.bundle.unit-test";
		};
/* End PBXNativeTarget section */

/* Begin PBXProject section */
		A6FCC0C929A4CB2100388C90 /* Project object */ = {
			isa = PBXProject;
			attributes = {
				BuildIndependentTargetsInParallel = 1;
				LastSwiftUpdateCheck = 1410;
				LastUpgradeCheck = 1410;
				TargetAttributes = {
					A6FCC0D129A4CB2100388C90 = {
						CreatedOnToolsVersion = 14.1;
					};
					A6FCC0DB29A4CB2100388C90 = {
						CreatedOnToolsVersion = 14.1;
					};
				};
			};
			buildConfigurationList = A6FCC0CC29A4CB2100388C90 /* Build configuration list for PBXProject "InCallStatusBar" */;
			compatibilityVersion = "Xcode 14.0";
			developmentRegion = en;
			hasScannedForEncodings = 0;
			knownRegions = (
				en,
				Base,
			);
			mainGroup = A6FCC0C829A4CB2100388C90;
			productRefGroup = A6FCC0D329A4CB2100388C90 /* Products */;
			projectDirPath = "";
			projectRoot = "";
			targets = (
				A6FCC0D129A4CB2100388C90 /* InCallStatusBar */,
				A6FCC0DB29A4CB2100388C90 /* InCallStatusBarTests */,
			);
		};
/* End PBXProject section */

/* Begin PBXResourcesBuildPhase section */
		A6FCC0D029A4CB2100388C90 /* Resources */ = {
			isa = PBXResourcesBuildPhase;
			buildActionMask = 2147483647;
			files = (
			);
			runOnlyForDeploymentPostprocessing = 0;
		};
		A6FCC0DA29A4CB2100388C90 /* Resources */ = {
			isa = PBXResourcesBuildPhase;
			buildActionMask = 2147483647;
			files = (
			);
			runOnlyForDeploymentPostprocessing = 0;
		};
/* End PBXResourcesBuildPhase section */

/* Begin PBXSourcesBuildPhase section */
		A6FCC0CE29A4CB2100388C90 /* Sources */ = {
			isa = PBXSourcesBuildPhase;
			buildActionMask = 2147483647;
			files = (
				A6FCC0D729A4CB2100388C90 /* InCallStatusBar.docc in Sources */,
			);
			runOnlyForDeploymentPostprocessing = 0;
		};
		A6FCC0D829A4CB2100388C90 /* Sources */ = {
			isa = PBXSourcesBuildPhase;
			buildActionMask = 2147483647;
			files = (
				A6FCC0E229A4CB2100388C90 /* InCallStatusBarTests.swift in Sources */,
			);
			runOnlyForDeploymentPostprocessing = 0;
		};
/* End PBXSourcesBuildPhase section */

/* Begin PBXTargetDependency section */
		A6FCC0DF29A4CB2100388C90 /* PBXTargetDependency */ = {
			isa = PBXTargetDependency;
			target = A6FCC0D129A4CB2100388C90 /* InCallStatusBar */;
			targetProxy = A6FCC0DE29A4CB2100388C90 /* PBXContainerItemProxy */;
		};
/* End PBXTargetDependency section */

/* Begin XCBuildConfiguration section */
		A6FCC0E429A4CB2100388C90 /* Debug */ = {
			isa = XCBuildConfiguration;
			buildSettings = {
				ALWAYS_SEARCH_USER_PATHS = NO;
				CLANG_ANALYZER_NONNULL = YES;
				CLANG_ANALYZER_NUMBER_OBJECT_CONVERSION = YES_AGGRESSIVE;
				CLANG_CXX_LANGUAGE_STANDARD = "gnu++20";
				CLANG_ENABLE_MODULES = YES;
				CLANG_ENABLE_OBJC_ARC = YES;
				CLANG_ENABLE_OBJC_WEAK = YES;
				CLANG_WARN_BLOCK_CAPTURE_AUTORELEASING = YES;
				CLANG_WARN_BOOL_CONVERSION = YES;
				CLANG_WARN_COMMA = YES;
				CLANG_WARN_CONSTANT_CONVERSION = YES;
				CLANG_WARN_DEPRECATED_OBJC_IMPLEMENTATIONS = YES;
				CLANG_WARN_DIRECT_OBJC_ISA_USAGE = YES_ERROR;
				CLANG_WARN_DOCUMENTATION_COMMENTS = YES;
				CLANG_WARN_EMPTY_BODY = YES;
				CLANG_WARN_ENUM_CONVERSION = YES;
				CLANG_WARN_INFINITE_RECURSION = YES;
				CLANG_WARN_INT_CONVERSION = YES;
				CLANG_WARN_NON_LITERAL_NULL_CONVERSION = YES;
				CLANG_WARN_OBJC_IMPLICIT_RETAIN_SELF = YES;
				CLANG_WARN_OBJC_LITERAL_CONVERSION = YES;
				CLANG_WARN_OBJC_ROOT_CLASS = YES_ERROR;
				CLANG_WARN_QUOTED_INCLUDE_IN_FRAMEWORK_HEADER = YES;
				CLANG_WARN_RANGE_LOOP_ANALYSIS = YES;
				CLANG_WARN_STRICT_PROTOTYPES = YES;
				CLANG_WARN_SUSPICIOUS_MOVE = YES;
				CLANG_WARN_UNGUARDED_AVAILABILITY = YES_AGGRESSIVE;
				CLANG_WARN_UNREACHABLE_CODE = YES;
				CLANG_WARN__DUPLICATE_METHOD_MATCH = YES;
				COPY_PHASE_STRIP = NO;
				CURRENT_PROJECT_VERSION = 1;
				DEBUG_INFORMATION_FORMAT = dwarf;
				ENABLE_STRICT_OBJC_MSGSEND = YES;
				ENABLE_TESTABILITY = YES;
				GCC_C_LANGUAGE_STANDARD = gnu11;
				GCC_DYNAMIC_NO_PIC = NO;
				GCC_NO_COMMON_BLOCKS = YES;
				GCC_OPTIMIZATION_LEVEL = 0;
				GCC_PREPROCESSOR_DEFINITIONS = (
					"DEBUG=1",
					"$(inherited)",
				);
				GCC_WARN_64_TO_32_BIT_CONVERSION = YES;
				GCC_WARN_ABOUT_RETURN_TYPE = YES_ERROR;
				GCC_WARN_UNDECLARED_SELECTOR = YES;
				GCC_WARN_UNINITIALIZED_AUTOS = YES_AGGRESSIVE;
				GCC_WARN_UNUSED_FUNCTION = YES;
				GCC_WARN_UNUSED_VARIABLE = YES;
				IPHONEOS_DEPLOYMENT_TARGET = 16.1;
				MTL_ENABLE_DEBUG_INFO = INCLUDE_SOURCE;
				MTL_FAST_MATH = YES;
				ONLY_ACTIVE_ARCH = YES;
				SDKROOT = iphoneos;
				SWIFT_ACTIVE_COMPILATION_CONDITIONS = DEBUG;
				SWIFT_OPTIMIZATION_LEVEL = "-Onone";
				VERSIONING_SYSTEM = "apple-generic";
				VERSION_INFO_PREFIX = "";
			};
			name = Debug;
		};
		A6FCC0E529A4CB2100388C90 /* Release */ = {
			isa = XCBuildConfiguration;
			buildSettings = {
				ALWAYS_SEARCH_USER_PATHS = NO;
				CLANG_ANALYZER_NONNULL = YES;
				CLANG_ANALYZER_NUMBER_OBJECT_CONVERSION = YES_AGGRESSIVE;
				CLANG_CXX_LANGUAGE_STANDARD = "gnu++20";
				CLANG_ENABLE_MODULES = YES;
				CLANG_ENABLE_OBJC_ARC = YES;
				CLANG_ENABLE_OBJC_WEAK = YES;
				CLANG_WARN_BLOCK_CAPTURE_AUTORELEASING = YES;
				CLANG_WARN_BOOL_CONVERSION = YES;
				CLANG_WARN_COMMA = YES;
				CLANG_WARN_CONSTANT_CONVERSION = YES;
				CLANG_WARN_DEPRECATED_OBJC_IMPLEMENTATIONS = YES;
				CLANG_WARN_DIRECT_OBJC_ISA_USAGE = YES_ERROR;
				CLANG_WARN_DOCUMENTATION_COMMENTS = YES;
				CLANG_WARN_EMPTY_BODY = YES;
				CLANG_WARN_ENUM_CONVERSION = YES;
				CLANG_WARN_INFINITE_RECURSION = YES;
				CLANG_WARN_INT_CONVERSION = YES;
				CLANG_WARN_NON_LITERAL_NULL_CONVERSION = YES;
				CLANG_WARN_OBJC_IMPLICIT_RETAIN_SELF = YES;
				CLANG_WARN_OBJC_LITERAL_CONVERSION = YES;
				CLANG_WARN_OBJC_ROOT_CLASS = YES_ERROR;
				CLANG_WARN_QUOTED_INCLUDE_IN_FRAMEWORK_HEADER = YES;
				CLANG_WARN_RANGE_LOOP_ANALYSIS = YES;
				CLANG_WARN_STRICT_PROTOTYPES = YES;
				CLANG_WARN_SUSPICIOUS_MOVE = YES;
				CLANG_WARN_UNGUARDED_AVAILABILITY = YES_AGGRESSIVE;
				CLANG_WARN_UNREACHABLE_CODE = YES;
				CLANG_WARN__DUPLICATE_METHOD_MATCH = YES;
				COPY_PHASE_STRIP = NO;
				CURRENT_PROJECT_VERSION = 1;
				DEBUG_INFORMATION_FORMAT = "dwarf-with-dsym";
				ENABLE_NS_ASSERTIONS = NO;
				ENABLE_STRICT_OBJC_MSGSEND = YES;
				GCC_C_LANGUAGE_STANDARD = gnu11;
				GCC_NO_COMMON_BLOCKS = YES;
				GCC_WARN_64_TO_32_BIT_CONVERSION = YES;
				GCC_WARN_ABOUT_RETURN_TYPE = YES_ERROR;
				GCC_WARN_UNDECLARED_SELECTOR = YES;
				GCC_WARN_UNINITIALIZED_AUTOS = YES_AGGRESSIVE;
				GCC_WARN_UNUSED_FUNCTION = YES;
				GCC_WARN_UNUSED_VARIABLE = YES;
				IPHONEOS_DEPLOYMENT_TARGET = 16.1;
				MTL_ENABLE_DEBUG_INFO = NO;
				MTL_FAST_MATH = YES;
				SDKROOT = iphoneos;
				SWIFT_COMPILATION_MODE = wholemodule;
				SWIFT_OPTIMIZATION_LEVEL = "-O";
				VALIDATE_PRODUCT = YES;
				VERSIONING_SYSTEM = "apple-generic";
				VERSION_INFO_PREFIX = "";
			};
			name = Release;
		};
		A6FCC0E729A4CB2100388C90 /* Debug */ = {
			isa = XCBuildConfiguration;
			buildSettings = {
				CODE_SIGN_STYLE = Automatic;
				CURRENT_PROJECT_VERSION = 1;
				DEFINES_MODULE = YES;
				DEVELOPMENT_TEAM = DQLF6YUAM4;
				DYLIB_COMPATIBILITY_VERSION = 1;
				DYLIB_CURRENT_VERSION = 1;
				DYLIB_INSTALL_NAME_BASE = "@rpath";
				GENERATE_INFOPLIST_FILE = YES;
				INFOPLIST_KEY_NSHumanReadableCopyright = "";
				INSTALL_PATH = "$(LOCAL_LIBRARY_DIR)/Frameworks";
				LD_RUNPATH_SEARCH_PATHS = (
					"$(inherited)",
					"@executable_path/Frameworks",
					"@loader_path/Frameworks",
				);
				MARKETING_VERSION = 1.0;
				PRODUCT_BUNDLE_IDENTIFIER = com.IncallStatusBar.IncallStatusBar.InCallStatusBar;
				PRODUCT_NAME = "$(TARGET_NAME:c99extidentifier)";
				SKIP_INSTALL = YES;
				SWIFT_EMIT_LOC_STRINGS = YES;
				SWIFT_VERSION = 5.0;
				TARGETED_DEVICE_FAMILY = "1,2";
			};
			name = Debug;
		};
		A6FCC0E829A4CB2100388C90 /* Release */ = {
			isa = XCBuildConfiguration;
			buildSettings = {
				CODE_SIGN_STYLE = Automatic;
				CURRENT_PROJECT_VERSION = 1;
				DEFINES_MODULE = YES;
				DEVELOPMENT_TEAM = DQLF6YUAM4;
				DYLIB_COMPATIBILITY_VERSION = 1;
				DYLIB_CURRENT_VERSION = 1;
				DYLIB_INSTALL_NAME_BASE = "@rpath";
				GENERATE_INFOPLIST_FILE = YES;
				INFOPLIST_KEY_NSHumanReadableCopyright = "";
				INSTALL_PATH = "$(LOCAL_LIBRARY_DIR)/Frameworks";
				LD_RUNPATH_SEARCH_PATHS = (
					"$(inherited)",
					"@executable_path/Frameworks",
					"@loader_path/Frameworks",
				);
				MARKETING_VERSION = 1.0;
				PRODUCT_BUNDLE_IDENTIFIER = com.IncallStatusBar.IncallStatusBar.InCallStatusBar;
				PRODUCT_NAME = "$(TARGET_NAME:c99extidentifier)";
				SKIP_INSTALL = YES;
				SWIFT_EMIT_LOC_STRINGS = YES;
				SWIFT_VERSION = 5.0;
				TARGETED_DEVICE_FAMILY = "1,2";
			};
			name = Release;
		};
		A6FCC0EA29A4CB2100388C90 /* Debug */ = {
			isa = XCBuildConfiguration;
			buildSettings = {
				CODE_SIGN_STYLE = Automatic;
				CURRENT_PROJECT_VERSION = 1;
				DEVELOPMENT_TEAM = DQLF6YUAM4;
				GENERATE_INFOPLIST_FILE = YES;
				MARKETING_VERSION = 1.0;
				PRODUCT_BUNDLE_IDENTIFIER = com.IncallStatusBar.IncallStatusBar.InCallStatusBarTests;
				PRODUCT_NAME = "$(TARGET_NAME)";
				SWIFT_EMIT_LOC_STRINGS = NO;
				SWIFT_VERSION = 5.0;
				TARGETED_DEVICE_FAMILY = "1,2";
			};
			name = Debug;
		};
		A6FCC0EB29A4CB2100388C90 /* Release */ = {
			isa = XCBuildConfiguration;
			buildSettings = {
				CODE_SIGN_STYLE = Automatic;
				CURRENT_PROJECT_VERSION = 1;
				DEVELOPMENT_TEAM = DQLF6YUAM4;
				GENERATE_INFOPLIST_FILE = YES;
				MARKETING_VERSION = 1.0;
				PRODUCT_BUNDLE_IDENTIFIER = com.IncallStatusBar.IncallStatusBar.InCallStatusBarTests;
				PRODUCT_NAME = "$(TARGET_NAME)";
				SWIFT_EMIT_LOC_STRINGS = NO;
				SWIFT_VERSION = 5.0;
				TARGETED_DEVICE_FAMILY = "1,2";
			};
			name = Release;
		};
/* End XCBuildConfiguration section */

/* Begin XCConfigurationList section */
		A6FCC0CC29A4CB2100388C90 /* Build configuration list for PBXProject "InCallStatusBar" */ = {
			isa = XCConfigurationList;
			buildConfigurations = (
				A6FCC0E429A4CB2100388C90 /* Debug */,
				A6FCC0E529A4CB2100388C90 /* Release */,
			);
			defaultConfigurationIsVisible = 0;
			defaultConfigurationName = Release;
		};
		A6FCC0E629A4CB2100388C90 /* Build configuration list for PBXNativeTarget "InCallStatusBar" */ = {
			isa = XCConfigurationList;
			buildConfigurations = (
				A6FCC0E729A4CB2100388C90 /* Debug */,
				A6FCC0E829A4CB2100388C90 /* Release */,
			);
			defaultConfigurationIsVisible = 0;
			defaultConfigurationName = Release;
		};
		A6FCC0E929A4CB2100388C90 /* Build configuration list for PBXNativeTarget "InCallStatusBarTests" */ = {
			isa = XCConfigurationList;
			buildConfigurations = (
				A6FCC0EA29A4CB2100388C90 /* Debug */,
				A6FCC0EB29A4CB2100388C90 /* Release */,
			);
			defaultConfigurationIsVisible = 0;
			defaultConfigurationName = Release;
		};
/* End XCConfigurationList section */
	};
	rootObject = A6FCC0C929A4CB2100388C90 /* Project object */;
}
