// !$*UTF8*$!
{
	archiveVersion = 1;
	classes = {
	};
	objectVersion = 56;
	objects = {

/* Begin PBXBuildFile section */
		A6FCC0D729A4CB2100388C90 /* InCallStatusBar.docc in Sources */ = {isa = PBXBuildFile; fileRef = A6FCC0D629A4CB2100388C90 /* InCallStatusBar.docc */; };
		A6FCC0DD29A4CB2100388C90 /* InCallStatusBar.framework in Frameworks */ = {isa = PBXBuildFile; fileRef = A6FCC0D229A4CB2100388C90 /* InCallStatusBar.framework */; };
		A6FCC0E229A4CB2100388C90 /* InCallStatusBarTests.swift in Sources */ = {isa = PBXBuildFile; fileRef = A6FCC0E129A4CB2100388C90 /* InCallStatusBarTests.swift */; };
		A6FCC0E329A4CB2100388C90 /* InCallStatusBar.h in Headers */ = {isa = PBXBuildFile; fileRef = A6FCC0D529A4CB2100388C90 /* InCallStatusBar.h */; settings = {ATTRIBUTES = (Public, ); }; };
		A6FCC0F329A4CB8800388C90 /* AppDelegate.swift in Sources */ = {isa = PBXBuildFile; fileRef = A6FCC0F229A4CB8800388C90 /* AppDelegate.swift */; };
		A6FCC0F529A4CB8800388C90 /* SceneDelegate.swift in Sources */ = {isa = PBXBuildFile; fileRef = A6FCC0F429A4CB8800388C90 /* SceneDelegate.swift */; };
		A6FCC0F729A4CB8800388C90 /* ViewController.swift in Sources */ = {isa = PBXBuildFile; fileRef = A6FCC0F629A4CB8800388C90 /* ViewController.swift */; };
		A6FCC0FA29A4CB8800388C90 /* Main.storyboard in Resources */ = {isa = PBXBuildFile; fileRef = A6FCC0F829A4CB8800388C90 /* Main.storyboard */; };
		A6FCC0FC29A4CB8900388C90 /* Assets.xcassets in Resources */ = {isa = PBXBuildFile; fileRef = A6FCC0FB29A4CB8900388C90 /* Assets.xcassets */; };
		A6FCC0FF29A4CB8900388C90 /* LaunchScreen.storyboard in Resources */ = {isa = PBXBuildFile; fileRef = A6FCC0FD29A4CB8900388C90 /* LaunchScreen.storyboard */; };
		A6FCC10A29A4CB8A00388C90 /* InCallStatusBarDemoTests.swift in Sources */ = {isa = PBXBuildFile; fileRef = A6FCC10929A4CB8A00388C90 /* InCallStatusBarDemoTests.swift */; };
		A6FCC11429A4CB8A00388C90 /* InCallStatusBarDemoUITests.swift in Sources */ = {isa = PBXBuildFile; fileRef = A6FCC11329A4CB8A00388C90 /* InCallStatusBarDemoUITests.swift */; };
		A6FCC11629A4CB8A00388C90 /* InCallStatusBarDemoUITestsLaunchTests.swift in Sources */ = {isa = PBXBuildFile; fileRef = A6FCC11529A4CB8A00388C90 /* InCallStatusBarDemoUITestsLaunchTests.swift */; };
/* End PBXBuildFile section */

/* Begin PBXContainerItemProxy section */
		A6FCC0DE29A4CB2100388C90 /* PBXContainerItemProxy */ = {
			isa = PBXContainerItemProxy;
			containerPortal = A6FCC0C929A4CB2100388C90 /* Project object */;
			proxyType = 1;
			remoteGlobalIDString = A6FCC0D129A4CB2100388C90;
			remoteInfo = InCallStatusBar;
		};
		A6FCC10629A4CB8A00388C90 /* PBXContainerItemProxy */ = {
			isa = PBXContainerItemProxy;
			containerPortal = A6FCC0C929A4CB2100388C90 /* Project object */;
			proxyType = 1;
			remoteGlobalIDString = A6FCC0EF29A4CB8800388C90;
			remoteInfo = InCallStatusBarDemo;
		};
		A6FCC11029A4CB8A00388C90 /* PBXContainerItemProxy */ = {
			isa = PBXContainerItemProxy;
			containerPortal = A6FCC0C929A4CB2100388C90 /* Project object */;
			proxyType = 1;
			remoteGlobalIDString = A6FCC0EF29A4CB8800388C90;
			remoteInfo = InCallStatusBarDemo;
		};
/* End PBXContainerItemProxy section */

/* Begin PBXFileReference section */
		A6FCC0D229A4CB2100388C90 /* InCallStatusBar.framework */ = {isa = PBXFileReference; explicitFileType = wrapper.framework; includeInIndex = 0; path = InCallStatusBar.framework; sourceTree = BUILT_PRODUCTS_DIR; };
		A6FCC0D529A4CB2100388C90 /* InCallStatusBar.h */ = {isa = PBXFileReference; lastKnownFileType = sourcecode.c.h; path = InCallStatusBar.h; sourceTree = "<group>"; };
		A6FCC0D629A4CB2100388C90 /* InCallStatusBar.docc */ = {isa = PBXFileReference; lastKnownFileType = folder.documentationcatalog; path = InCallStatusBar.docc; sourceTree = "<group>"; };
		A6FCC0DC29A4CB2100388C90 /* InCallStatusBarTests.xctest */ = {isa = PBXFileReference; explicitFileType = wrapper.cfbundle; includeInIndex = 0; path = InCallStatusBarTests.xctest; sourceTree = BUILT_PRODUCTS_DIR; };
		A6FCC0E129A4CB2100388C90 /* InCallStatusBarTests.swift */ = {isa = PBXFileReference; lastKnownFileType = sourcecode.swift; path = InCallStatusBarTests.swift; sourceTree = "<group>"; };
		A6FCC0F029A4CB8800388C90 /* InCallStatusBarDemo.app */ = {isa = PBXFileReference; explicitFileType = wrapper.application; includeInIndex = 0; path = InCallStatusBarDemo.app; sourceTree = BUILT_PRODUCTS_DIR; };
		A6FCC0F229A4CB8800388C90 /* AppDelegate.swift */ = {isa = PBXFileReference; lastKnownFileType = sourcecode.swift; path = AppDelegate.swift; sourceTree = "<group>"; };
		A6FCC0F429A4CB8800388C90 /* SceneDelegate.swift */ = {isa = PBXFileReference; lastKnownFileType = sourcecode.swift; path = SceneDelegate.swift; sourceTree = "<group>"; };
		A6FCC0F629A4CB8800388C90 /* ViewController.swift */ = {isa = PBXFileReference; lastKnownFileType = sourcecode.swift; path = ViewController.swift; sourceTree = "<group>"; };
		A6FCC0F929A4CB8800388C90 /* Base */ = {isa = PBXFileReference; lastKnownFileType = file.storyboard; name = Base; path = Base.lproj/Main.storyboard; sourceTree = "<group>"; };
		A6FCC0FB29A4CB8900388C90 /* Assets.xcassets */ = {isa = PBXFileReference; lastKnownFileType = folder.assetcatalog; path = Assets.xcassets; sourceTree = "<group>"; };
		A6FCC0FE29A4CB8900388C90 /* Base */ = {isa = PBXFileReference; lastKnownFileType = file.storyboard; name = Base; path = Base.lproj/LaunchScreen.storyboard; sourceTree = "<group>"; };
		A6FCC10029A4CB8900388C90 /* Info.plist */ = {isa = PBXFileReference; lastKnownFileType = text.plist.xml; path = Info.plist; sourceTree = "<group>"; };
		A6FCC10529A4CB8900388C90 /* InCallStatusBarDemoTests.xctest */ = {isa = PBXFileReference; explicitFileType = wrapper.cfbundle; includeInIndex = 0; path = InCallStatusBarDemoTests.xctest; sourceTree = BUILT_PRODUCTS_DIR; };
		A6FCC10929A4CB8A00388C90 /* InCallStatusBarDemoTests.swift */ = {isa = PBXFileReference; lastKnownFileType = sourcecode.swift; path = InCallStatusBarDemoTests.swift; sourceTree = "<group>"; };
		A6FCC10F29A4CB8A00388C90 /* InCallStatusBarDemoUITests.xctest */ = {isa = PBXFileReference; explicitFileType = wrapper.cfbundle; includeInIndex = 0; path = InCallStatusBarDemoUITests.xctest; sourceTree = BUILT_PRODUCTS_DIR; };
		A6FCC11329A4CB8A00388C90 /* InCallStatusBarDemoUITests.swift */ = {isa = PBXFileReference; lastKnownFileType = sourcecode.swift; path = InCallStatusBarDemoUITests.swift; sourceTree = "<group>"; };
		A6FCC11529A4CB8A00388C90 /* InCallStatusBarDemoUITestsLaunchTests.swift */ = {isa = PBXFileReference; lastKnownFileType = sourcecode.swift; path = InCallStatusBarDemoUITestsLaunchTests.swift; sourceTree = "<group>"; };
/* End PBXFileReference section */

/* Begin PBXFrameworksBuildPhase section */
		A6FCC0CF29A4CB2100388C90 /* Frameworks */ = {
			isa = PBXFrameworksBuildPhase;
			buildActionMask = 2147483647;
			files = (
			);
			runOnlyForDeploymentPostprocessing = 0;
		};
		A6FCC0D929A4CB2100388C90 /* Frameworks */ = {
			isa = PBXFrameworksBuildPhase;
			buildActionMask = 2147483647;
			files = (
				A6FCC0DD29A4CB2100388C90 /* InCallStatusBar.framework in Frameworks */,
			);
			runOnlyForDeploymentPostprocessing = 0;
		};
		A6FCC0ED29A4CB8800388C90 /* Frameworks */ = {
			isa = PBXFrameworksBuildPhase;
			buildActionMask = 2147483647;
			files = (
			);
			runOnlyForDeploymentPostprocessing = 0;
		};
		A6FCC10229A4CB8900388C90 /* Frameworks */ = {
			isa = PBXFrameworksBuildPhase;
			buildActionMask = 2147483647;
			files = (
			);
			runOnlyForDeploymentPostprocessing = 0;
		};
		A6FCC10C29A4CB8A00388C90 /* Frameworks */ = {
			isa = PBXFrameworksBuildPhase;
			buildActionMask = 2147483647;
			files = (
			);
			runOnlyForDeploymentPostprocessing = 0;
		};
/* End PBXFrameworksBuildPhase section */

/* Begin PBXGroup section */
		A6FCC0C829A4CB2100388C90 = {
			isa = PBXGroup;
			children = (
				A6FCC0D429A4CB2100388C90 /* InCallStatusBar */,
				A6FCC0E029A4CB2100388C90 /* InCallStatusBarTests */,
				A6FCC0F129A4CB8800388C90 /* InCallStatusBarDemo */,
				A6FCC10829A4CB8A00388C90 /* InCallStatusBarDemoTests */,
				A6FCC11229A4CB8A00388C90 /* InCallStatusBarDemoUITests */,
				A6FCC0D329A4CB2100388C90 /* Products */,
			);
			sourceTree = "<group>";
		};
		A6FCC0D329A4CB2100388C90 /* Products */ = {
			isa = PBXGroup;
			children = (
				A6FCC0D229A4CB2100388C90 /* InCallStatusBar.framework */,
				A6FCC0DC29A4CB2100388C90 /* InCallStatusBarTests.xctest */,
				A6FCC0F029A4CB8800388C90 /* InCallStatusBarDemo.app */,
				A6FCC10529A4CB8900388C90 /* InCallStatusBarDemoTests.xctest */,
				A6FCC10F29A4CB8A00388C90 /* InCallStatusBarDemoUITests.xctest */,
			);
			name = Products;
			sourceTree = "<group>";
		};
		A6FCC0D429A4CB2100388C90 /* InCallStatusBar */ = {
			isa = PBXGroup;
			children = (
				A6FCC0D529A4CB2100388C90 /* InCallStatusBar.h */,
				A6FCC0D629A4CB2100388C90 /* InCallStatusBar.docc */,
			);
			path = InCallStatusBar;
			sourceTree = "<group>";
		};
		A6FCC0E029A4CB2100388C90 /* InCallStatusBarTests */ = {
			isa = PBXGroup;
			children = (
				A6FCC0E129A4CB2100388C90 /* InCallStatusBarTests.swift */,
			);
			path = InCallStatusBarTests;
			sourceTree = "<group>";
		};
		A6FCC0F129A4CB8800388C90 /* InCallStatusBarDemo */ = {
			isa = PBXGroup;
			children = (
				A6FCC0F229A4CB8800388C90 /* AppDelegate.swift */,
				A6FCC0F429A4CB8800388C90 /* SceneDelegate.swift */,
				A6FCC0F629A4CB8800388C90 /* ViewController.swift */,
				A6FCC0F829A4CB8800388C90 /* Main.storyboard */,
				A6FCC0FB29A4CB8900388C90 /* Assets.xcassets */,
				A6FCC0FD29A4CB8900388C90 /* LaunchScreen.storyboard */,
				A6FCC10029A4CB8900388C90 /* Info.plist */,
			);
			path = InCallStatusBarDemo;
			sourceTree = "<group>";
		};
		A6FCC10829A4CB8A00388C90 /* InCallStatusBarDemoTests */ = {
			isa = PBXGroup;
			children = (
				A6FCC10929A4CB8A00388C90 /* InCallStatusBarDemoTests.swift */,
			);
			path = InCallStatusBarDemoTests;
			sourceTree = "<group>";
		};
		A6FCC11229A4CB8A00388C90 /* InCallStatusBarDemoUITests */ = {
			isa = PBXGroup;
			children = (
				A6FCC11329A4CB8A00388C90 /* InCallStatusBarDemoUITests.swift */,
				A6FCC11529A4CB8A00388C90 /* InCallStatusBarDemoUITestsLaunchTests.swift */,
			);
			path = InCallStatusBarDemoUITests;
			sourceTree = "<group>";
		};
/* End PBXGroup section */

/* Begin PBXHeadersBuildPhase section */
		A6FCC0CD29A4CB2100388C90 /* Headers */ = {
			isa = PBXHeadersBuildPhase;
			buildActionMask = 2147483647;
			files = (
				A6FCC0E329A4CB2100388C90 /* InCallStatusBar.h in Headers */,
			);
			runOnlyForDeploymentPostprocessing = 0;
		};
/* End PBXHeadersBuildPhase section */

/* Begin PBXNativeTarget section */
		A6FCC0D129A4CB2100388C90 /* InCallStatusBar */ = {
			isa = PBXNativeTarget;
			buildConfigurationList = A6FCC0E629A4CB2100388C90 /* Build configuration list for PBXNativeTarget "InCallStatusBar" */;
			buildPhases = (
				A6FCC0CD29A4CB2100388C90 /* Headers */,
				A6FCC0CE29A4CB2100388C90 /* Sources */,
				A6FCC0CF29A4CB2100388C90 /* Frameworks */,
				A6FCC0D029A4CB2100388C90 /* Resources */,
			);
			buildRules = (
			);
			dependencies = (
			);
			name = InCallStatusBar;
			productName = InCallStatusBar;
			productReference = A6FCC0D229A4CB2100388C90 /* InCallStatusBar.framework */;
			productType = "com.apple.product-type.framework";
		};
		A6FCC0DB29A4CB2100388C90 /* InCallStatusBarTests */ = {
			isa = PBXNativeTarget;
			buildConfigurationList = A6FCC0E929A4CB2100388C90 /* Build configuration list for PBXNativeTarget "InCallStatusBarTests" */;
			buildPhases = (
				A6FCC0D829A4CB2100388C90 /* Sources */,
				A6FCC0D929A4CB2100388C90 /* Frameworks */,
				A6FCC0DA29A4CB2100388C90 /* Resources */,
			);
			buildRules = (
			);
			dependencies = (
				A6FCC0DF29A4CB2100388C90 /* PBXTargetDependency */,
			);
			name = InCallStatusBarTests;
			productName = InCallStatusBarTests;
			productReference = A6FCC0DC29A4CB2100388C90 /* InCallStatusBarTests.xctest */;
			productType = "com.apple.product-type.bundle.unit-test";
		};
		A6FCC0EF29A4CB8800388C90 /* InCallStatusBarDemo */ = {
			isa = PBXNativeTarget;
			buildConfigurationList = A6FCC11729A4CB8A00388C90 /* Build configuration list for PBXNativeTarget "InCallStatusBarDemo" */;
			buildPhases = (
				A6FCC0EC29A4CB8800388C90 /* Sources */,
				A6FCC0ED29A4CB8800388C90 /* Frameworks */,
				A6FCC0EE29A4CB8800388C90 /* Resources */,
			);
			buildRules = (
			);
			dependencies = (
			);
			name = InCallStatusBarDemo;
			productName = InCallStatusBarDemo;
			productReference = A6FCC0F029A4CB8800388C90 /* InCallStatusBarDemo.app */;
			productType = "com.apple.product-type.application";
		};
		A6FCC10429A4CB8900388C90 /* InCallStatusBarDemoTests */ = {
			isa = PBXNativeTarget;
			buildConfigurationList = A6FCC11A29A4CB8A00388C90 /* Build configuration list for PBXNativeTarget "InCallStatusBarDemoTests" */;
			buildPhases = (
				A6FCC10129A4CB8900388C90 /* Sources */,
				A6FCC10229A4CB8900388C90 /* Frameworks */,
				A6FCC10329A4CB8900388C90 /* Resources */,
			);
			buildRules = (
			);
			dependencies = (
				A6FCC10729A4CB8A00388C90 /* PBXTargetDependency */,
			);
			name = InCallStatusBarDemoTests;
			productName = InCallStatusBarDemoTests;
			productReference = A6FCC10529A4CB8900388C90 /* InCallStatusBarDemoTests.xctest */;
			productType = "com.apple.product-type.bundle.unit-test";
		};
		A6FCC10E29A4CB8A00388C90 /* InCallStatusBarDemoUITests */ = {
			isa = PBXNativeTarget;
			buildConfigurationList = A6FCC11D29A4CB8A00388C90 /* Build configuration list for PBXNativeTarget "InCallStatusBarDemoUITests" */;
			buildPhases = (
				A6FCC10B29A4CB8A00388C90 /* Sources */,
				A6FCC10C29A4CB8A00388C90 /* Frameworks */,
				A6FCC10D29A4CB8A00388C90 /* Resources */,
			);
			buildRules = (
			);
			dependencies = (
				A6FCC11129A4CB8A00388C90 /* PBXTargetDependency */,
			);
			name = InCallStatusBarDemoUITests;
			productName = InCallStatusBarDemoUITests;
			productReference = A6FCC10F29A4CB8A00388C90 /* InCallStatusBarDemoUITests.xctest */;
			productType = "com.apple.product-type.bundle.ui-testing";
		};
/* End PBXNativeTarget section */

/* Begin PBXProject section */
		A6FCC0C929A4CB2100388C90 /* Project object */ = {
			isa = PBXProject;
			attributes = {
				BuildIndependentTargetsInParallel = 1;
				LastSwiftUpdateCheck = 1410;
				LastUpgradeCheck = 1410;
				TargetAttributes = {
					A6FCC0D129A4CB2100388C90 = {
						CreatedOnToolsVersion = 14.1;
					};
					A6FCC0DB29A4CB2100388C90 = {
						CreatedOnToolsVersion = 14.1;
					};
					A6FCC0EF29A4CB8800388C90 = {
						CreatedOnToolsVersion = 14.1;
					};
					A6FCC10429A4CB8900388C90 = {
						CreatedOnToolsVersion = 14.1;
						TestTargetID = A6FCC0EF29A4CB8800388C90;
					};
					A6FCC10E29A4CB8A00388C90 = {
						CreatedOnToolsVersion = 14.1;
						TestTargetID = A6FCC0EF29A4CB8800388C90;
					};
				};
			};
			buildConfigurationList = A6FCC0CC29A4CB2100388C90 /* Build configuration list for PBXProject "InCallStatusBar" */;
			compatibilityVersion = "Xcode 14.0";
			developmentRegion = en;
			hasScannedForEncodings = 0;
			knownRegions = (
				en,
				Base,
			);
			mainGroup = A6FCC0C829A4CB2100388C90;
			productRefGroup = A6FCC0D329A4CB2100388C90 /* Products */;
			projectDirPath = "";
			projectRoot = "";
			targets = (
				A6FCC0D129A4CB2100388C90 /* InCallStatusBar */,
				A6FCC0DB29A4CB2100388C90 /* InCallStatusBarTests */,
				A6FCC0EF29A4CB8800388C90 /* InCallStatusBarDemo */,
				A6FCC10429A4CB8900388C90 /* InCallStatusBarDemoTests */,
				A6FCC10E29A4CB8A00388C90 /* InCallStatusBarDemoUITests */,
			);
		};
/* End PBXProject section */

/* Begin PBXResourcesBuildPhase section */
		A6FCC0D029A4CB2100388C90 /* Resources */ = {
			isa = PBXResourcesBuildPhase;
			buildActionMask = 2147483647;
			files = (
			);
			runOnlyForDeploymentPostprocessing = 0;
		};
		A6FCC0DA29A4CB2100388C90 /* Resources */ = {
			isa = PBXResourcesBuildPhase;
			buildActionMask = 2147483647;
			files = (
			);
			runOnlyForDeploymentPostprocessing = 0;
		};
		A6FCC0EE29A4CB8800388C90 /* Resources */ = {
			isa = PBXResourcesBuildPhase;
			buildActionMask = 2147483647;
			files = (
				A6FCC0FF29A4CB8900388C90 /* LaunchScreen.storyboard in Resources */,
				A6FCC0FC29A4CB8900388C90 /* Assets.xcassets in Resources */,
				A6FCC0FA29A4CB8800388C90 /* Main.storyboard in Resources */,
			);
			runOnlyForDeploymentPostprocessing = 0;
		};
		A6FCC10329A4CB8900388C90 /* Resources */ = {
			isa = PBXResourcesBuildPhase;
			buildActionMask = 2147483647;
			files = (
			);
			runOnlyForDeploymentPostprocessing = 0;
		};
		A6FCC10D29A4CB8A00388C90 /* Resources */ = {
			isa = PBXResourcesBuildPhase;
			buildActionMask = 2147483647;
			files = (
			);
			runOnlyForDeploymentPostprocessing = 0;
		};
/* End PBXResourcesBuildPhase section */

/* Begin PBXSourcesBuildPhase section */
		A6FCC0CE29A4CB2100388C90 /* Sources */ = {
			isa = PBXSourcesBuildPhase;
			buildActionMask = 2147483647;
			files = (
				A6FCC0D729A4CB2100388C90 /* InCallStatusBar.docc in Sources */,
			);
			runOnlyForDeploymentPostprocessing = 0;
		};
		A6FCC0D829A4CB2100388C90 /* Sources */ = {
			isa = PBXSourcesBuildPhase;
			buildActionMask = 2147483647;
			files = (
				A6FCC0E229A4CB2100388C90 /* InCallStatusBarTests.swift in Sources */,
			);
			runOnlyForDeploymentPostprocessing = 0;
		};
		A6FCC0EC29A4CB8800388C90 /* Sources */ = {
			isa = PBXSourcesBuildPhase;
			buildActionMask = 2147483647;
			files = (
				A6FCC0F729A4CB8800388C90 /* ViewController.swift in Sources */,
				A6FCC0F329A4CB8800388C90 /* AppDelegate.swift in Sources */,
				A6FCC0F529A4CB8800388C90 /* SceneDelegate.swift in Sources */,
			);
			runOnlyForDeploymentPostprocessing = 0;
		};
		A6FCC10129A4CB8900388C90 /* Sources */ = {
			isa = PBXSourcesBuildPhase;
			buildActionMask = 2147483647;
			files = (
				A6FCC10A29A4CB8A00388C90 /* InCallStatusBarDemoTests.swift in Sources */,
			);
			runOnlyForDeploymentPostprocessing = 0;
		};
		A6FCC10B29A4CB8A00388C90 /* Sources */ = {
			isa = PBXSourcesBuildPhase;
			buildActionMask = 2147483647;
			files = (
				A6FCC11629A4CB8A00388C90 /* InCallStatusBarDemoUITestsLaunchTests.swift in Sources */,
				A6FCC11429A4CB8A00388C90 /* InCallStatusBarDemoUITests.swift in Sources */,
			);
			runOnlyForDeploymentPostprocessing = 0;
		};
/* End PBXSourcesBuildPhase section */

/* Begin PBXTargetDependency section */
		A6FCC0DF29A4CB2100388C90 /* PBXTargetDependency */ = {
			isa = PBXTargetDependency;
			target = A6FCC0D129A4CB2100388C90 /* InCallStatusBar */;
			targetProxy = A6FCC0DE29A4CB2100388C90 /* PBXContainerItemProxy */;
		};
		A6FCC10729A4CB8A00388C90 /* PBXTargetDependency */ = {
			isa = PBXTargetDependency;
			target = A6FCC0EF29A4CB8800388C90 /* InCallStatusBarDemo */;
			targetProxy = A6FCC10629A4CB8A00388C90 /* PBXContainerItemProxy */;
		};
		A6FCC11129A4CB8A00388C90 /* PBXTargetDependency */ = {
			isa = PBXTargetDependency;
			target = A6FCC0EF29A4CB8800388C90 /* InCallStatusBarDemo */;
			targetProxy = A6FCC11029A4CB8A00388C90 /* PBXContainerItemProxy */;
		};
/* End PBXTargetDependency section */

/* Begin PBXVariantGroup section */
		A6FCC0F829A4CB8800388C90 /* Main.storyboard */ = {
			isa = PBXVariantGroup;
			children = (
				A6FCC0F929A4CB8800388C90 /* Base */,
			);
			name = Main.storyboard;
			sourceTree = "<group>";
		};
		A6FCC0FD29A4CB8900388C90 /* LaunchScreen.storyboard */ = {
			isa = PBXVariantGroup;
			children = (
				A6FCC0FE29A4CB8900388C90 /* Base */,
			);
			name = LaunchScreen.storyboard;
			sourceTree = "<group>";
		};
/* End PBXVariantGroup section */

/* Begin XCBuildConfiguration section */
		A6FCC0E429A4CB2100388C90 /* Debug */ = {
			isa = XCBuildConfiguration;
			buildSettings = {
				ALWAYS_SEARCH_USER_PATHS = NO;
				CLANG_ANALYZER_NONNULL = YES;
				CLANG_ANALYZER_NUMBER_OBJECT_CONVERSION = YES_AGGRESSIVE;
				CLANG_CXX_LANGUAGE_STANDARD = "gnu++20";
				CLANG_ENABLE_MODULES = YES;
				CLANG_ENABLE_OBJC_ARC = YES;
				CLANG_ENABLE_OBJC_WEAK = YES;
				CLANG_WARN_BLOCK_CAPTURE_AUTORELEASING = YES;
				CLANG_WARN_BOOL_CONVERSION = YES;
				CLANG_WARN_COMMA = YES;
				CLANG_WARN_CONSTANT_CONVERSION = YES;
				CLANG_WARN_DEPRECATED_OBJC_IMPLEMENTATIONS = YES;
				CLANG_WARN_DIRECT_OBJC_ISA_USAGE = YES_ERROR;
				CLANG_WARN_DOCUMENTATION_COMMENTS = YES;
				CLANG_WARN_EMPTY_BODY = YES;
				CLANG_WARN_ENUM_CONVERSION = YES;
				CLANG_WARN_INFINITE_RECURSION = YES;
				CLANG_WARN_INT_CONVERSION = YES;
				CLANG_WARN_NON_LITERAL_NULL_CONVERSION = YES;
				CLANG_WARN_OBJC_IMPLICIT_RETAIN_SELF = YES;
				CLANG_WARN_OBJC_LITERAL_CONVERSION = YES;
				CLANG_WARN_OBJC_ROOT_CLASS = YES_ERROR;
				CLANG_WARN_QUOTED_INCLUDE_IN_FRAMEWORK_HEADER = YES;
				CLANG_WARN_RANGE_LOOP_ANALYSIS = YES;
				CLANG_WARN_STRICT_PROTOTYPES = YES;
				CLANG_WARN_SUSPICIOUS_MOVE = YES;
				CLANG_WARN_UNGUARDED_AVAILABILITY = YES_AGGRESSIVE;
				CLANG_WARN_UNREACHABLE_CODE = YES;
				CLANG_WARN__DUPLICATE_METHOD_MATCH = YES;
				COPY_PHASE_STRIP = NO;
				CURRENT_PROJECT_VERSION = 1;
				DEBUG_INFORMATION_FORMAT = dwarf;
				ENABLE_STRICT_OBJC_MSGSEND = YES;
				ENABLE_TESTABILITY = YES;
				GCC_C_LANGUAGE_STANDARD = gnu11;
				GCC_DYNAMIC_NO_PIC = NO;
				GCC_NO_COMMON_BLOCKS = YES;
				GCC_OPTIMIZATION_LEVEL = 0;
				GCC_PREPROCESSOR_DEFINITIONS = (
					"DEBUG=1",
					"$(inherited)",
				);
				GCC_WARN_64_TO_32_BIT_CONVERSION = YES;
				GCC_WARN_ABOUT_RETURN_TYPE = YES_ERROR;
				GCC_WARN_UNDECLARED_SELECTOR = YES;
				GCC_WARN_UNINITIALIZED_AUTOS = YES_AGGRESSIVE;
				GCC_WARN_UNUSED_FUNCTION = YES;
				GCC_WARN_UNUSED_VARIABLE = YES;
				IPHONEOS_DEPLOYMENT_TARGET = 16.1;
				MTL_ENABLE_DEBUG_INFO = INCLUDE_SOURCE;
				MTL_FAST_MATH = YES;
				ONLY_ACTIVE_ARCH = YES;
				SDKROOT = iphoneos;
				SWIFT_ACTIVE_COMPILATION_CONDITIONS = DEBUG;
				SWIFT_OPTIMIZATION_LEVEL = "-Onone";
				VERSIONING_SYSTEM = "apple-generic";
				VERSION_INFO_PREFIX = "";
			};
			name = Debug;
		};
		A6FCC0E529A4CB2100388C90 /* Release */ = {
			isa = XCBuildConfiguration;
			buildSettings = {
				ALWAYS_SEARCH_USER_PATHS = NO;
				CLANG_ANALYZER_NONNULL = YES;
				CLANG_ANALYZER_NUMBER_OBJECT_CONVERSION = YES_AGGRESSIVE;
				CLANG_CXX_LANGUAGE_STANDARD = "gnu++20";
				CLANG_ENABLE_MODULES = YES;
				CLANG_ENABLE_OBJC_ARC = YES;
				CLANG_ENABLE_OBJC_WEAK = YES;
				CLANG_WARN_BLOCK_CAPTURE_AUTORELEASING = YES;
				CLANG_WARN_BOOL_CONVERSION = YES;
				CLANG_WARN_COMMA = YES;
				CLANG_WARN_CONSTANT_CONVERSION = YES;
				CLANG_WARN_DEPRECATED_OBJC_IMPLEMENTATIONS = YES;
				CLANG_WARN_DIRECT_OBJC_ISA_USAGE = YES_ERROR;
				CLANG_WARN_DOCUMENTATION_COMMENTS = YES;
				CLANG_WARN_EMPTY_BODY = YES;
				CLANG_WARN_ENUM_CONVERSION = YES;
				CLANG_WARN_INFINITE_RECURSION = YES;
				CLANG_WARN_INT_CONVERSION = YES;
				CLANG_WARN_NON_LITERAL_NULL_CONVERSION = YES;
				CLANG_WARN_OBJC_IMPLICIT_RETAIN_SELF = YES;
				CLANG_WARN_OBJC_LITERAL_CONVERSION = YES;
				CLANG_WARN_OBJC_ROOT_CLASS = YES_ERROR;
				CLANG_WARN_QUOTED_INCLUDE_IN_FRAMEWORK_HEADER = YES;
				CLANG_WARN_RANGE_LOOP_ANALYSIS = YES;
				CLANG_WARN_STRICT_PROTOTYPES = YES;
				CLANG_WARN_SUSPICIOUS_MOVE = YES;
				CLANG_WARN_UNGUARDED_AVAILABILITY = YES_AGGRESSIVE;
				CLANG_WARN_UNREACHABLE_CODE = YES;
				CLANG_WARN__DUPLICATE_METHOD_MATCH = YES;
				COPY_PHASE_STRIP = NO;
				CURRENT_PROJECT_VERSION = 1;
				DEBUG_INFORMATION_FORMAT = "dwarf-with-dsym";
				ENABLE_NS_ASSERTIONS = NO;
				ENABLE_STRICT_OBJC_MSGSEND = YES;
				GCC_C_LANGUAGE_STANDARD = gnu11;
				GCC_NO_COMMON_BLOCKS = YES;
				GCC_WARN_64_TO_32_BIT_CONVERSION = YES;
				GCC_WARN_ABOUT_RETURN_TYPE = YES_ERROR;
				GCC_WARN_UNDECLARED_SELECTOR = YES;
				GCC_WARN_UNINITIALIZED_AUTOS = YES_AGGRESSIVE;
				GCC_WARN_UNUSED_FUNCTION = YES;
				GCC_WARN_UNUSED_VARIABLE = YES;
				IPHONEOS_DEPLOYMENT_TARGET = 16.1;
				MTL_ENABLE_DEBUG_INFO = NO;
				MTL_FAST_MATH = YES;
				SDKROOT = iphoneos;
				SWIFT_COMPILATION_MODE = wholemodule;
				SWIFT_OPTIMIZATION_LEVEL = "-O";
				VALIDATE_PRODUCT = YES;
				VERSIONING_SYSTEM = "apple-generic";
				VERSION_INFO_PREFIX = "";
			};
			name = Release;
		};
		A6FCC0E729A4CB2100388C90 /* Debug */ = {
			isa = XCBuildConfiguration;
			buildSettings = {
				CODE_SIGN_STYLE = Automatic;
				CURRENT_PROJECT_VERSION = 1;
				DEFINES_MODULE = YES;
				DEVELOPMENT_TEAM = DQLF6YUAM4;
				DYLIB_COMPATIBILITY_VERSION = 1;
				DYLIB_CURRENT_VERSION = 1;
				DYLIB_INSTALL_NAME_BASE = "@rpath";
				GENERATE_INFOPLIST_FILE = YES;
				INFOPLIST_KEY_NSHumanReadableCopyright = "";
				INSTALL_PATH = "$(LOCAL_LIBRARY_DIR)/Frameworks";
				LD_RUNPATH_SEARCH_PATHS = (
					"$(inherited)",
					"@executable_path/Frameworks",
					"@loader_path/Frameworks",
				);
				MARKETING_VERSION = 1.0;
				PRODUCT_BUNDLE_IDENTIFIER = com.IncallStatusBar.IncallStatusBar.InCallStatusBar;
				PRODUCT_NAME = "$(TARGET_NAME:c99extidentifier)";
				SKIP_INSTALL = YES;
				SWIFT_EMIT_LOC_STRINGS = YES;
				SWIFT_VERSION = 5.0;
				TARGETED_DEVICE_FAMILY = "1,2";
			};
			name = Debug;
		};
		A6FCC0E829A4CB2100388C90 /* Release */ = {
			isa = XCBuildConfiguration;
			buildSettings = {
				CODE_SIGN_STYLE = Automatic;
				CURRENT_PROJECT_VERSION = 1;
				DEFINES_MODULE = YES;
				DEVELOPMENT_TEAM = DQLF6YUAM4;
				DYLIB_COMPATIBILITY_VERSION = 1;
				DYLIB_CURRENT_VERSION = 1;
				DYLIB_INSTALL_NAME_BASE = "@rpath";
				GENERATE_INFOPLIST_FILE = YES;
				INFOPLIST_KEY_NSHumanReadableCopyright = "";
				INSTALL_PATH = "$(LOCAL_LIBRARY_DIR)/Frameworks";
				LD_RUNPATH_SEARCH_PATHS = (
					"$(inherited)",
					"@executable_path/Frameworks",
					"@loader_path/Frameworks",
				);
				MARKETING_VERSION = 1.0;
				PRODUCT_BUNDLE_IDENTIFIER = com.IncallStatusBar.IncallStatusBar.InCallStatusBar;
				PRODUCT_NAME = "$(TARGET_NAME:c99extidentifier)";
				SKIP_INSTALL = YES;
				SWIFT_EMIT_LOC_STRINGS = YES;
				SWIFT_VERSION = 5.0;
				TARGETED_DEVICE_FAMILY = "1,2";
			};
			name = Release;
		};
		A6FCC0EA29A4CB2100388C90 /* Debug */ = {
			isa = XCBuildConfiguration;
			buildSettings = {
				CODE_SIGN_STYLE = Automatic;
				CURRENT_PROJECT_VERSION = 1;
				DEVELOPMENT_TEAM = DQLF6YUAM4;
				GENERATE_INFOPLIST_FILE = YES;
				MARKETING_VERSION = 1.0;
				PRODUCT_BUNDLE_IDENTIFIER = com.IncallStatusBar.IncallStatusBar.InCallStatusBarTests;
				PRODUCT_NAME = "$(TARGET_NAME)";
				SWIFT_EMIT_LOC_STRINGS = NO;
				SWIFT_VERSION = 5.0;
				TARGETED_DEVICE_FAMILY = "1,2";
			};
			name = Debug;
		};
		A6FCC0EB29A4CB2100388C90 /* Release */ = {
			isa = XCBuildConfiguration;
			buildSettings = {
				CODE_SIGN_STYLE = Automatic;
				CURRENT_PROJECT_VERSION = 1;
				DEVELOPMENT_TEAM = DQLF6YUAM4;
				GENERATE_INFOPLIST_FILE = YES;
				MARKETING_VERSION = 1.0;
				PRODUCT_BUNDLE_IDENTIFIER = com.IncallStatusBar.IncallStatusBar.InCallStatusBarTests;
				PRODUCT_NAME = "$(TARGET_NAME)";
				SWIFT_EMIT_LOC_STRINGS = NO;
				SWIFT_VERSION = 5.0;
				TARGETED_DEVICE_FAMILY = "1,2";
			};
			name = Release;
		};
		A6FCC11829A4CB8A00388C90 /* Debug */ = {
			isa = XCBuildConfiguration;
			buildSettings = {
				ASSETCATALOG_COMPILER_APPICON_NAME = AppIcon;
				ASSETCATALOG_COMPILER_GLOBAL_ACCENT_COLOR_NAME = AccentColor;
				CODE_SIGN_STYLE = Automatic;
				CURRENT_PROJECT_VERSION = 1;
				DEVELOPMENT_TEAM = DQLF6YUAM4;
				GENERATE_INFOPLIST_FILE = YES;
				INFOPLIST_FILE = InCallStatusBarDemo/Info.plist;
				INFOPLIST_KEY_UIApplicationSupportsIndirectInputEvents = YES;
				INFOPLIST_KEY_UILaunchStoryboardName = LaunchScreen;
				INFOPLIST_KEY_UIMainStoryboardFile = Main;
				INFOPLIST_KEY_UISupportedInterfaceOrientations_iPad = "UIInterfaceOrientationPortrait UIInterfaceOrientationPortraitUpsideDown UIInterfaceOrientationLandscapeLeft UIInterfaceOrientationLandscapeRight";
				INFOPLIST_KEY_UISupportedInterfaceOrientations_iPhone = "UIInterfaceOrientationPortrait UIInterfaceOrientationLandscapeLeft UIInterfaceOrientationLandscapeRight";
				LD_RUNPATH_SEARCH_PATHS = (
					"$(inherited)",
					"@executable_path/Frameworks",
				);
				MARKETING_VERSION = 1.0;
				PRODUCT_BUNDLE_IDENTIFIER = com.IncallStatusBar.IncallStatusBar.InCallStatusBarDemo;
				PRODUCT_NAME = "$(TARGET_NAME)";
				SWIFT_EMIT_LOC_STRINGS = YES;
				SWIFT_VERSION = 5.0;
				TARGETED_DEVICE_FAMILY = "1,2";
			};
			name = Debug;
		};
		A6FCC11929A4CB8A00388C90 /* Release */ = {
			isa = XCBuildConfiguration;
			buildSettings = {
				ASSETCATALOG_COMPILER_APPICON_NAME = AppIcon;
				ASSETCATALOG_COMPILER_GLOBAL_ACCENT_COLOR_NAME = AccentColor;
				CODE_SIGN_STYLE = Automatic;
				CURRENT_PROJECT_VERSION = 1;
				DEVELOPMENT_TEAM = DQLF6YUAM4;
				GENERATE_INFOPLIST_FILE = YES;
				INFOPLIST_FILE = InCallStatusBarDemo/Info.plist;
				INFOPLIST_KEY_UIApplicationSupportsIndirectInputEvents = YES;
				INFOPLIST_KEY_UILaunchStoryboardName = LaunchScreen;
				INFOPLIST_KEY_UIMainStoryboardFile = Main;
				INFOPLIST_KEY_UISupportedInterfaceOrientations_iPad = "UIInterfaceOrientationPortrait UIInterfaceOrientationPortraitUpsideDown UIInterfaceOrientationLandscapeLeft UIInterfaceOrientationLandscapeRight";
				INFOPLIST_KEY_UISupportedInterfaceOrientations_iPhone = "UIInterfaceOrientationPortrait UIInterfaceOrientationLandscapeLeft UIInterfaceOrientationLandscapeRight";
				LD_RUNPATH_SEARCH_PATHS = (
					"$(inherited)",
					"@executable_path/Frameworks",
				);
				MARKETING_VERSION = 1.0;
				PRODUCT_BUNDLE_IDENTIFIER = com.IncallStatusBar.IncallStatusBar.InCallStatusBarDemo;
				PRODUCT_NAME = "$(TARGET_NAME)";
				SWIFT_EMIT_LOC_STRINGS = YES;
				SWIFT_VERSION = 5.0;
				TARGETED_DEVICE_FAMILY = "1,2";
			};
			name = Release;
		};
		A6FCC11B29A4CB8A00388C90 /* Debug */ = {
			isa = XCBuildConfiguration;
			buildSettings = {
				ALWAYS_EMBED_SWIFT_STANDARD_LIBRARIES = YES;
				BUNDLE_LOADER = "$(TEST_HOST)";
				CODE_SIGN_STYLE = Automatic;
				CURRENT_PROJECT_VERSION = 1;
				DEVELOPMENT_TEAM = DQLF6YUAM4;
				GENERATE_INFOPLIST_FILE = YES;
				IPHONEOS_DEPLOYMENT_TARGET = 16.1;
				MARKETING_VERSION = 1.0;
				PRODUCT_BUNDLE_IDENTIFIER = com.IncallStatusBar.IncallStatusBar.InCallStatusBarDemoTests;
				PRODUCT_NAME = "$(TARGET_NAME)";
				SWIFT_EMIT_LOC_STRINGS = NO;
				SWIFT_VERSION = 5.0;
				TARGETED_DEVICE_FAMILY = "1,2";
				TEST_HOST = "$(BUILT_PRODUCTS_DIR)/InCallStatusBarDemo.app/$(BUNDLE_EXECUTABLE_FOLDER_PATH)/InCallStatusBarDemo";
			};
			name = Debug;
		};
		A6FCC11C29A4CB8A00388C90 /* Release */ = {
			isa = XCBuildConfiguration;
			buildSettings = {
				ALWAYS_EMBED_SWIFT_STANDARD_LIBRARIES = YES;
				BUNDLE_LOADER = "$(TEST_HOST)";
				CODE_SIGN_STYLE = Automatic;
				CURRENT_PROJECT_VERSION = 1;
				DEVELOPMENT_TEAM = DQLF6YUAM4;
				GENERATE_INFOPLIST_FILE = YES;
				IPHONEOS_DEPLOYMENT_TARGET = 16.1;
				MARKETING_VERSION = 1.0;
				PRODUCT_BUNDLE_IDENTIFIER = com.IncallStatusBar.IncallStatusBar.InCallStatusBarDemoTests;
				PRODUCT_NAME = "$(TARGET_NAME)";
				SWIFT_EMIT_LOC_STRINGS = NO;
				SWIFT_VERSION = 5.0;
				TARGETED_DEVICE_FAMILY = "1,2";
				TEST_HOST = "$(BUILT_PRODUCTS_DIR)/InCallStatusBarDemo.app/$(BUNDLE_EXECUTABLE_FOLDER_PATH)/InCallStatusBarDemo";
			};
			name = Release;
		};
		A6FCC11E29A4CB8A00388C90 /* Debug */ = {
			isa = XCBuildConfiguration;
			buildSettings = {
				ALWAYS_EMBED_SWIFT_STANDARD_LIBRARIES = YES;
				CODE_SIGN_STYLE = Automatic;
				CURRENT_PROJECT_VERSION = 1;
				DEVELOPMENT_TEAM = DQLF6YUAM4;
				GENERATE_INFOPLIST_FILE = YES;
				MARKETING_VERSION = 1.0;
				PRODUCT_BUNDLE_IDENTIFIER = com.IncallStatusBar.IncallStatusBar.InCallStatusBarDemoUITests;
				PRODUCT_NAME = "$(TARGET_NAME)";
				SWIFT_EMIT_LOC_STRINGS = NO;
				SWIFT_VERSION = 5.0;
				TARGETED_DEVICE_FAMILY = "1,2";
				TEST_TARGET_NAME = InCallStatusBarDemo;
			};
			name = Debug;
		};
		A6FCC11F29A4CB8A00388C90 /* Release */ = {
			isa = XCBuildConfiguration;
			buildSettings = {
				ALWAYS_EMBED_SWIFT_STANDARD_LIBRARIES = YES;
				CODE_SIGN_STYLE = Automatic;
				CURRENT_PROJECT_VERSION = 1;
				DEVELOPMENT_TEAM = DQLF6YUAM4;
				GENERATE_INFOPLIST_FILE = YES;
				MARKETING_VERSION = 1.0;
				PRODUCT_BUNDLE_IDENTIFIER = com.IncallStatusBar.IncallStatusBar.InCallStatusBarDemoUITests;
				PRODUCT_NAME = "$(TARGET_NAME)";
				SWIFT_EMIT_LOC_STRINGS = NO;
				SWIFT_VERSION = 5.0;
				TARGETED_DEVICE_FAMILY = "1,2";
				TEST_TARGET_NAME = InCallStatusBarDemo;
			};
			name = Release;
		};
/* End XCBuildConfiguration section */

/* Begin XCConfigurationList section */
		A6FCC0CC29A4CB2100388C90 /* Build configuration list for PBXProject "InCallStatusBar" */ = {
			isa = XCConfigurationList;
			buildConfigurations = (
				A6FCC0E429A4CB2100388C90 /* Debug */,
				A6FCC0E529A4CB2100388C90 /* Release */,
			);
			defaultConfigurationIsVisible = 0;
			defaultConfigurationName = Release;
		};
		A6FCC0E629A4CB2100388C90 /* Build configuration list for PBXNativeTarget "InCallStatusBar" */ = {
			isa = XCConfigurationList;
			buildConfigurations = (
				A6FCC0E729A4CB2100388C90 /* Debug */,
				A6FCC0E829A4CB2100388C90 /* Release */,
			);
			defaultConfigurationIsVisible = 0;
			defaultConfigurationName = Release;
		};
		A6FCC0E929A4CB2100388C90 /* Build configuration list for PBXNativeTarget "InCallStatusBarTests" */ = {
			isa = XCConfigurationList;
			buildConfigurations = (
				A6FCC0EA29A4CB2100388C90 /* Debug */,
				A6FCC0EB29A4CB2100388C90 /* Release */,
			);
			defaultConfigurationIsVisible = 0;
			defaultConfigurationName = Release;
		};
		A6FCC11729A4CB8A00388C90 /* Build configuration list for PBXNativeTarget "InCallStatusBarDemo" */ = {
			isa = XCConfigurationList;
			buildConfigurations = (
				A6FCC11829A4CB8A00388C90 /* Debug */,
				A6FCC11929A4CB8A00388C90 /* Release */,
			);
			defaultConfigurationIsVisible = 0;
			defaultConfigurationName = Release;
		};
		A6FCC11A29A4CB8A00388C90 /* Build configuration list for PBXNativeTarget "InCallStatusBarDemoTests" */ = {
			isa = XCConfigurationList;
			buildConfigurations = (
				A6FCC11B29A4CB8A00388C90 /* Debug */,
				A6FCC11C29A4CB8A00388C90 /* Release */,
			);
			defaultConfigurationIsVisible = 0;
			defaultConfigurationName = Release;
		};
		A6FCC11D29A4CB8A00388C90 /* Build configuration list for PBXNativeTarget "InCallStatusBarDemoUITests" */ = {
			isa = XCConfigurationList;
			buildConfigurations = (
				A6FCC11E29A4CB8A00388C90 /* Debug */,
				A6FCC11F29A4CB8A00388C90 /* Release */,
			);
			defaultConfigurationIsVisible = 0;
			defaultConfigurationName = Release;
		};
/* End XCConfigurationList section */
	};
	rootObject = A6FCC0C929A4CB2100388C90 /* Project object */;
}
